
Microsoft Visual Studio Solution File, Format Version 12.00
# Visual Studio Version 17
VisualStudioVersion = 17.11.35303.130
MinimumVisualStudioVersion = 10.0.40219.1
Project("{FAE04EC0-301F-11D3-BF4B-00C04F79EFBC}") = "HataBildirimSistemi", "HataBildirimSistemi\HataBildirimSistemi.csproj", "{4E8A3F2F-F844-4CAD-BD49-DFF9A84C5532}"
EndProject
Global
	GlobalSection(SolutionConfigurationPlatforms) = preSolution
		Debug|Any CPU = Debug|Any CPU
		Release|Any CPU = Release|Any CPU
	EndGlobalSection
	GlobalSection(ProjectConfigurationPlatforms) = postSolution
		{4E8A3F2F-F844-4CAD-BD49-DFF9A84C5532}.Debug|Any CPU.ActiveCfg = Debug|Any CPU
		{4E8A3F2F-F844-4CAD-BD49-DFF9A84C5532}.Debug|Any CPU.Build.0 = Debug|Any CPU
		{4E8A3F2F-F844-4CAD-BD49-DFF9A84C5532}.Release|Any CPU.ActiveCfg = Release|Any CPU
		{4E8A3F2F-F844-4CAD-BD49-DFF9A84C5532}.Release|Any CPU.Build.0 = Release|Any CPU
	EndGlobalSection
	GlobalSection(SolutionProperties) = preSolution
		HideSolutionNode = FALSE
	EndGlobalSection
	GlobalSection(ExtensibilityGlobals) = postSolution
		SolutionGuid = {6D3C1388-36FD-4804-BF05-7B83921F656E}
	EndGlobalSection
EndGlobal
